
Microsoft Visual Studio Solution File, Format Version 12.00
# Visual Studio 15
VisualStudioVersion = 15.0.34729.27
MinimumVisualStudioVersion = 10.0.40219.1
Project("{FAE04EC0-301F-11D3-BF4B-00C04F79EFBC}") = "answer2", "answer2\answer2.csproj", "{FB0510B8-D287-406C-BD29-7696859398E2}"
EndProject
Global
	GlobalSection(SolutionConfigurationPlatforms) = preSolution
		Debug|Any CPU = Debug|Any CPU
		Release|Any CPU = Release|Any CPU
	EndGlobalSection
	GlobalSection(ProjectConfigurationPlatforms) = postSolution
		{FB0510B8-D287-406C-BD29-7696859398E2}.Debug|Any CPU.ActiveCfg = Debug|Any CPU
		{FB0510B8-D287-406C-BD29-7696859398E2}.Debug|Any CPU.Build.0 = Debug|Any CPU
		{FB0510B8-D287-406C-BD29-7696859398E2}.Release|Any CPU.ActiveCfg = Release|Any CPU
		{FB0510B8-D287-406C-BD29-7696859398E2}.Release|Any CPU.Build.0 = Release|Any CPU
	EndGlobalSection
	GlobalSection(SolutionProperties) = preSolution
		HideSolutionNode = FALSE
	EndGlobalSection
	GlobalSection(ExtensibilityGlobals) = postSolution
		SolutionGuid = {8650A2A5-3F19-4769-B267-0A4B63D87EB7}
	EndGlobalSection
EndGlobal
